
Microsoft Visual Studio Solution File, Format Version 12.00
# Visual Studio Version 17
VisualStudioVersion = 17.5.33516.290
MinimumVisualStudioVersion = 10.0.40219.1
Project("{FAE04EC0-301F-11D3-BF4B-00C04F79EFBC}") = "csharp-abstract-animals", "csharp-abstract-animals\csharp-abstract-animals.csproj", "{C8E663A1-2FDE-4238-8FBA-9B607CD0D9EA}"
EndProject
Global
	GlobalSection(SolutionConfigurationPlatforms) = preSolution
		Debug|Any CPU = Debug|Any CPU
		Release|Any CPU = Release|Any CPU
	EndGlobalSection
	GlobalSection(ProjectConfigurationPlatforms) = postSolution
		{C8E663A1-2FDE-4238-8FBA-9B607CD0D9EA}.Debug|Any CPU.ActiveCfg = Debug|Any CPU
		{C8E663A1-2FDE-4238-8FBA-9B607CD0D9EA}.Debug|Any CPU.Build.0 = Debug|Any CPU
		{C8E663A1-2FDE-4238-8FBA-9B607CD0D9EA}.Release|Any CPU.ActiveCfg = Release|Any CPU
		{C8E663A1-2FDE-4238-8FBA-9B607CD0D9EA}.Release|Any CPU.Build.0 = Release|Any CPU
	EndGlobalSection
	GlobalSection(SolutionProperties) = preSolution
		HideSolutionNode = FALSE
	EndGlobalSection
	GlobalSection(ExtensibilityGlobals) = postSolution
		SolutionGuid = {049B435F-10F7-41D8-87E8-9DCBC423ED5E}
	EndGlobalSection
EndGlobal
